// !$*UTF8*$!
{
	archiveVersion = 1;
	classes = {
	};
	objectVersion = 56;
	objects = {

/* Begin PBXBuildFile section */
		AC35F05328EC3AD1000B4B56 /* SideView.swift in Sources */ = {isa = PBXBuildFile; fileRef = AC35F05228EC3AD1000B4B56 /* SideView.swift */; };
		AC35F05728EC3BBC000B4B56 /* SlidingMenuNTabViewApp.swift in Sources */ = {isa = PBXBuildFile; fileRef = AC35F05628EC3BBC000B4B56 /* SlidingMenuNTabViewApp.swift */; };
		AC35F05928EC3C1A000B4B56 /* TapButton.swift in Sources */ = {isa = PBXBuildFile; fileRef = AC35F05828EC3C1A000B4B56 /* TapButton.swift */; };
		AC35F05D28EC3CAA000B4B56 /* CustomCorners.swift in Sources */ = {isa = PBXBuildFile; fileRef = AC35F05C28EC3CAA000B4B56 /* CustomCorners.swift */; };
		AC35F06128EC3D95000B4B56 /* HomeView.swift in Sources */ = {isa = PBXBuildFile; fileRef = AC35F06028EC3D95000B4B56 /* HomeView.swift */; };
		AC3CB56928EB0357009B93EF /* OnboardingView.swift in Sources */ = {isa = PBXBuildFile; fileRef = AC3CB56828EB0357009B93EF /* OnboardingView.swift */; };
		AC3CB56B28EB0374009B93EF /* PageView.swift in Sources */ = {isa = PBXBuildFile; fileRef = AC3CB56A28EB0374009B93EF /* PageView.swift */; };
		AC86F3C428DEDDB600F5EF90 /* GaNaDaApp.swift in Sources */ = {isa = PBXBuildFile; fileRef = AC86F3C328DEDDB600F5EF90 /* GaNaDaApp.swift */; };
		AC86F3C628DEDDB600F5EF90 /* ContentView.swift in Sources */ = {isa = PBXBuildFile; fileRef = AC86F3C528DEDDB600F5EF90 /* ContentView.swift */; };
		AC86F3C828DEDDB600F5EF90 /* Assets.xcassets in Resources */ = {isa = PBXBuildFile; fileRef = AC86F3C728DEDDB600F5EF90 /* Assets.xcassets */; };
		AC86F3CB28DEDDB600F5EF90 /* Preview Assets.xcassets in Resources */ = {isa = PBXBuildFile; fileRef = AC86F3CA28DEDDB600F5EF90 /* Preview Assets.xcassets */; };
/* End PBXBuildFile section */

/* Begin PBXFileReference section */
		AC35F05228EC3AD1000B4B56 /* SideView.swift */ = {isa = PBXFileReference; lastKnownFileType = sourcecode.swift; path = SideView.swift; sourceTree = "<group>"; };
		AC35F05628EC3BBC000B4B56 /* SlidingMenuNTabViewApp.swift */ = {isa = PBXFileReference; lastKnownFileType = sourcecode.swift; path = SlidingMenuNTabViewApp.swift; sourceTree = "<group>"; };
		AC35F05828EC3C1A000B4B56 /* TapButton.swift */ = {isa = PBXFileReference; lastKnownFileType = sourcecode.swift; path = TapButton.swift; sourceTree = "<group>"; };
		AC35F05C28EC3CAA000B4B56 /* CustomCorners.swift */ = {isa = PBXFileReference; lastKnownFileType = sourcecode.swift; path = CustomCorners.swift; sourceTree = "<group>"; };
		AC35F06028EC3D95000B4B56 /* HomeView.swift */ = {isa = PBXFileReference; lastKnownFileType = sourcecode.swift; path = HomeView.swift; sourceTree = "<group>"; };
		AC3CB56828EB0357009B93EF /* OnboardingView.swift */ = {isa = PBXFileReference; fileEncoding = 4; lastKnownFileType = sourcecode.swift; path = OnboardingView.swift; sourceTree = "<group>"; };
		AC3CB56A28EB0374009B93EF /* PageView.swift */ = {isa = PBXFileReference; fileEncoding = 4; lastKnownFileType = sourcecode.swift; path = PageView.swift; sourceTree = "<group>"; };
		AC86F3C028DEDDB600F5EF90 /* GaNaDa.app */ = {isa = PBXFileReference; explicitFileType = wrapper.application; includeInIndex = 0; path = GaNaDa.app; sourceTree = BUILT_PRODUCTS_DIR; };
		AC86F3C328DEDDB600F5EF90 /* GaNaDaApp.swift */ = {isa = PBXFileReference; lastKnownFileType = sourcecode.swift; path = GaNaDaApp.swift; sourceTree = "<group>"; };
		AC86F3C528DEDDB600F5EF90 /* ContentView.swift */ = {isa = PBXFileReference; lastKnownFileType = sourcecode.swift; path = ContentView.swift; sourceTree = "<group>"; };
		AC86F3C728DEDDB600F5EF90 /* Assets.xcassets */ = {isa = PBXFileReference; lastKnownFileType = folder.assetcatalog; path = Assets.xcassets; sourceTree = "<group>"; };
		AC86F3CA28DEDDB600F5EF90 /* Preview Assets.xcassets */ = {isa = PBXFileReference; lastKnownFileType = folder.assetcatalog; path = "Preview Assets.xcassets"; sourceTree = "<group>"; };
/* End PBXFileReference section */

/* Begin PBXFrameworksBuildPhase section */
		AC86F3BD28DEDDB600F5EF90 /* Frameworks */ = {
			isa = PBXFrameworksBuildPhase;
			buildActionMask = 2147483647;
			files = (
			);
			runOnlyForDeploymentPostprocessing = 0;
		};
/* End PBXFrameworksBuildPhase section */

/* Begin PBXGroup section */
		AC86F3B728DEDDB600F5EF90 = {
			isa = PBXGroup;
			children = (
				AC86F3C228DEDDB600F5EF90 /* GaNaDa */,
				AC86F3C128DEDDB600F5EF90 /* Products */,
			);
			sourceTree = "<group>";
		};
		AC86F3C128DEDDB600F5EF90 /* Products */ = {
			isa = PBXGroup;
			children = (
				AC86F3C028DEDDB600F5EF90 /* GaNaDa.app */,
			);
			name = Products;
			sourceTree = "<group>";
		};
		AC86F3C228DEDDB600F5EF90 /* GaNaDa */ = {
			isa = PBXGroup;
			children = (
				AC86F3C328DEDDB600F5EF90 /* GaNaDaApp.swift */,
				AC86F3C528DEDDB600F5EF90 /* ContentView.swift */,
				AC3CB56828EB0357009B93EF /* OnboardingView.swift */,
				AC35F05828EC3C1A000B4B56 /* TapButton.swift */,
				AC35F05C28EC3CAA000B4B56 /* CustomCorners.swift */,
				AC3CB56A28EB0374009B93EF /* PageView.swift */,
				AC35F05228EC3AD1000B4B56 /* SideView.swift */,
				AC35F05628EC3BBC000B4B56 /* SlidingMenuNTabViewApp.swift */,
				AC35F06028EC3D95000B4B56 /* HomeView.swift */,
				AC86F3C728DEDDB600F5EF90 /* Assets.xcassets */,
				AC86F3C928DEDDB600F5EF90 /* Preview Content */,
			);
			path = GaNaDa;
			sourceTree = "<group>";
		};
		AC86F3C928DEDDB600F5EF90 /* Preview Content */ = {
			isa = PBXGroup;
			children = (
				AC86F3CA28DEDDB600F5EF90 /* Preview Assets.xcassets */,
			);
			path = "Preview Content";
			sourceTree = "<group>";
		};
/* End PBXGroup section */

/* Begin PBXNativeTarget section */
		AC86F3BF28DEDDB600F5EF90 /* GaNaDa */ = {
			isa = PBXNativeTarget;
			buildConfigurationList = AC86F3CE28DEDDB600F5EF90 /* Build configuration list for PBXNativeTarget "GaNaDa" */;
			buildPhases = (
				AC86F3BC28DEDDB600F5EF90 /* Sources */,
				AC86F3BD28DEDDB600F5EF90 /* Frameworks */,
				AC86F3BE28DEDDB600F5EF90 /* Resources */,
			);
			buildRules = (
			);
			dependencies = (
			);
			name = GaNaDa;
			productName = GaNaDa;
			productReference = AC86F3C028DEDDB600F5EF90 /* GaNaDa.app */;
			productType = "com.apple.product-type.application";
		};
/* End PBXNativeTarget section */

/* Begin PBXProject section */
		AC86F3B828DEDDB600F5EF90 /* Project object */ = {
			isa = PBXProject;
			attributes = {
				BuildIndependentTargetsInParallel = 1;
				LastSwiftUpdateCheck = 1400;
				LastUpgradeCheck = 1400;
				TargetAttributes = {
					AC86F3BF28DEDDB600F5EF90 = {
						CreatedOnToolsVersion = 14.0;
					};
				};
			};
			buildConfigurationList = AC86F3BB28DEDDB600F5EF90 /* Build configuration list for PBXProject "GaNaDa" */;
			compatibilityVersion = "Xcode 14.0";
			developmentRegion = en;
			hasScannedForEncodings = 0;
			knownRegions = (
				en,
				Base,
				ko,
			);
			mainGroup = AC86F3B728DEDDB600F5EF90;
			productRefGroup = AC86F3C128DEDDB600F5EF90 /* Products */;
			projectDirPath = "";
			projectRoot = "";
			targets = (
				AC86F3BF28DEDDB600F5EF90 /* GaNaDa */,
			);
		};
/* End PBXProject section */

/* Begin PBXResourcesBuildPhase section */
		AC86F3BE28DEDDB600F5EF90 /* Resources */ = {
			isa = PBXResourcesBuildPhase;
			buildActionMask = 2147483647;
			files = (
				AC86F3CB28DEDDB600F5EF90 /* Preview Assets.xcassets in Resources */,
				AC86F3C828DEDDB600F5EF90 /* Assets.xcassets in Resources */,
			);
			runOnlyForDeploymentPostprocessing = 0;
		};
/* End PBXResourcesBuildPhase section */

/* Begin PBXSourcesBuildPhase section */
		AC86F3BC28DEDDB600F5EF90 /* Sources */ = {
			isa = PBXSourcesBuildPhase;
			buildActionMask = 2147483647;
			files = (
				AC3CB56B28EB0374009B93EF /* PageView.swift in Sources */,
				AC86F3C628DEDDB600F5EF90 /* ContentView.swift in Sources */,
				AC35F05728EC3BBC000B4B56 /* SlidingMenuNTabViewApp.swift in Sources */,
				AC35F06128EC3D95000B4B56 /* HomeView.swift in Sources */,
				AC3CB56928EB0357009B93EF /* OnboardingView.swift in Sources */,
				AC35F05328EC3AD1000B4B56 /* SideView.swift in Sources */,
				AC86F3C428DEDDB600F5EF90 /* GaNaDaApp.swift in Sources */,
				AC35F05928EC3C1A000B4B56 /* TapButton.swift in Sources */,
				AC35F05D28EC3CAA000B4B56 /* CustomCorners.swift in Sources */,
			);
			runOnlyForDeploymentPostprocessing = 0;
		};
/* End PBXSourcesBuildPhase section */

/* Begin XCBuildConfiguration section */
		AC86F3CC28DEDDB600F5EF90 /* Debug */ = {
			isa = XCBuildConfiguration;
			buildSettings = {
				ALWAYS_SEARCH_USER_PATHS = NO;
				CLANG_ANALYZER_LOCALIZABILITY_NONLOCALIZED = YES;
				CLANG_ANALYZER_NONNULL = YES;
				CLANG_ANALYZER_NUMBER_OBJECT_CONVERSION = YES_AGGRESSIVE;
				CLANG_CXX_LANGUAGE_STANDARD = "gnu++20";
				CLANG_ENABLE_MODULES = YES;
				CLANG_ENABLE_OBJC_ARC = YES;
				CLANG_ENABLE_OBJC_WEAK = YES;
				CLANG_WARN_BLOCK_CAPTURE_AUTORELEASING = YES;
				CLANG_WARN_BOOL_CONVERSION = YES;
				CLANG_WARN_COMMA = YES;
				CLANG_WARN_CONSTANT_CONVERSION = YES;
				CLANG_WARN_DEPRECATED_OBJC_IMPLEMENTATIONS = YES;
				CLANG_WARN_DIRECT_OBJC_ISA_USAGE = YES_ERROR;
				CLANG_WARN_DOCUMENTATION_COMMENTS = YES;
				CLANG_WARN_EMPTY_BODY = YES;
				CLANG_WARN_ENUM_CONVERSION = YES;
				CLANG_WARN_INFINITE_RECURSION = YES;
				CLANG_WARN_INT_CONVERSION = YES;
				CLANG_WARN_NON_LITERAL_NULL_CONVERSION = YES;
				CLANG_WARN_OBJC_IMPLICIT_RETAIN_SELF = YES;
				CLANG_WARN_OBJC_LITERAL_CONVERSION = YES;
				CLANG_WARN_OBJC_ROOT_CLASS = YES_ERROR;
				CLANG_WARN_QUOTED_INCLUDE_IN_FRAMEWORK_HEADER = YES;
				CLANG_WARN_RANGE_LOOP_ANALYSIS = YES;
				CLANG_WARN_STRICT_PROTOTYPES = YES;
				CLANG_WARN_SUSPICIOUS_MOVE = YES;
				CLANG_WARN_UNGUARDED_AVAILABILITY = YES_AGGRESSIVE;
				CLANG_WARN_UNREACHABLE_CODE = YES;
				CLANG_WARN__DUPLICATE_METHOD_MATCH = YES;
				COPY_PHASE_STRIP = NO;
				DEBUG_INFORMATION_FORMAT = dwarf;
				ENABLE_STRICT_OBJC_MSGSEND = YES;
				ENABLE_TESTABILITY = YES;
				GCC_C_LANGUAGE_STANDARD = gnu11;
				GCC_DYNAMIC_NO_PIC = NO;
				GCC_NO_COMMON_BLOCKS = YES;
				GCC_OPTIMIZATION_LEVEL = 0;
				GCC_PREPROCESSOR_DEFINITIONS = (
					"DEBUG=1",
					"$(inherited)",
				);
				GCC_WARN_64_TO_32_BIT_CONVERSION = YES;
				GCC_WARN_ABOUT_RETURN_TYPE = YES_ERROR;
				GCC_WARN_UNDECLARED_SELECTOR = YES;
				GCC_WARN_UNINITIALIZED_AUTOS = YES_AGGRESSIVE;
				GCC_WARN_UNUSED_FUNCTION = YES;
				GCC_WARN_UNUSED_VARIABLE = YES;
				IPHONEOS_DEPLOYMENT_TARGET = 16.0;
				MTL_ENABLE_DEBUG_INFO = INCLUDE_SOURCE;
				MTL_FAST_MATH = YES;
				ONLY_ACTIVE_ARCH = YES;
				SDKROOT = iphoneos;
				SWIFT_ACTIVE_COMPILATION_CONDITIONS = DEBUG;
				SWIFT_OPTIMIZATION_LEVEL = "-Onone";
			};
			name = Debug;
		};
		AC86F3CD28DEDDB600F5EF90 /* Release */ = {
			isa = XCBuildConfiguration;
			buildSettings = {
				ALWAYS_SEARCH_USER_PATHS = NO;
				CLANG_ANALYZER_LOCALIZABILITY_NONLOCALIZED = YES;
				CLANG_ANALYZER_NONNULL = YES;
				CLANG_ANALYZER_NUMBER_OBJECT_CONVERSION = YES_AGGRESSIVE;
				CLANG_CXX_LANGUAGE_STANDARD = "gnu++20";
				CLANG_ENABLE_MODULES = YES;
				CLANG_ENABLE_OBJC_ARC = YES;
				CLANG_ENABLE_OBJC_WEAK = YES;
				CLANG_WARN_BLOCK_CAPTURE_AUTORELEASING = YES;
				CLANG_WARN_BOOL_CONVERSION = YES;
				CLANG_WARN_COMMA = YES;
				CLANG_WARN_CONSTANT_CONVERSION = YES;
				CLANG_WARN_DEPRECATED_OBJC_IMPLEMENTATIONS = YES;
				CLANG_WARN_DIRECT_OBJC_ISA_USAGE = YES_ERROR;
				CLANG_WARN_DOCUMENTATION_COMMENTS = YES;
				CLANG_WARN_EMPTY_BODY = YES;
				CLANG_WARN_ENUM_CONVERSION = YES;
				CLANG_WARN_INFINITE_RECURSION = YES;
				CLANG_WARN_INT_CONVERSION = YES;
				CLANG_WARN_NON_LITERAL_NULL_CONVERSION = YES;
				CLANG_WARN_OBJC_IMPLICIT_RETAIN_SELF = YES;
				CLANG_WARN_OBJC_LITERAL_CONVERSION = YES;
				CLANG_WARN_OBJC_ROOT_CLASS = YES_ERROR;
				CLANG_WARN_QUOTED_INCLUDE_IN_FRAMEWORK_HEADER = YES;
				CLANG_WARN_RANGE_LOOP_ANALYSIS = YES;
				CLANG_WARN_STRICT_PROTOTYPES = YES;
				CLANG_WARN_SUSPICIOUS_MOVE = YES;
				CLANG_WARN_UNGUARDED_AVAILABILITY = YES_AGGRESSIVE;
				CLANG_WARN_UNREACHABLE_CODE = YES;
				CLANG_WARN__DUPLICATE_METHOD_MATCH = YES;
				COPY_PHASE_STRIP = NO;
				DEBUG_INFORMATION_FORMAT = "dwarf-with-dsym";
				ENABLE_NS_ASSERTIONS = NO;
				ENABLE_STRICT_OBJC_MSGSEND = YES;
				GCC_C_LANGUAGE_STANDARD = gnu11;
				GCC_NO_COMMON_BLOCKS = YES;
				GCC_WARN_64_TO_32_BIT_CONVERSION = YES;
				GCC_WARN_ABOUT_RETURN_TYPE = YES_ERROR;
				GCC_WARN_UNDECLARED_SELECTOR = YES;
				GCC_WARN_UNINITIALIZED_AUTOS = YES_AGGRESSIVE;
				GCC_WARN_UNUSED_FUNCTION = YES;
				GCC_WARN_UNUSED_VARIABLE = YES;
				IPHONEOS_DEPLOYMENT_TARGET = 16.0;
				MTL_ENABLE_DEBUG_INFO = NO;
				MTL_FAST_MATH = YES;
				SDKROOT = iphoneos;
				SWIFT_COMPILATION_MODE = wholemodule;
				SWIFT_OPTIMIZATION_LEVEL = "-O";
				VALIDATE_PRODUCT = YES;
			};
			name = Release;
		};
		AC86F3CF28DEDDB600F5EF90 /* Debug */ = {
			isa = XCBuildConfiguration;
			buildSettings = {
				ASSETCATALOG_COMPILER_APPICON_NAME = AppIcon;
				ASSETCATALOG_COMPILER_GLOBAL_ACCENT_COLOR_NAME = AccentColor;
				CODE_SIGN_STYLE = Automatic;
				CURRENT_PROJECT_VERSION = 1;
				DEVELOPMENT_ASSET_PATHS = "\"GaNaDa/Preview Content\"";
				DEVELOPMENT_TEAM = 8N7YRTC92N;
				ENABLE_PREVIEWS = YES;
				GCC_NO_COMMON_BLOCKS = NO;
				GENERATE_INFOPLIST_FILE = YES;
				INFOPLIST_KEY_UIApplicationSceneManifest_Generation = YES;
				INFOPLIST_KEY_UIApplicationSupportsIndirectInputEvents = YES;
				INFOPLIST_KEY_UILaunchScreen_Generation = YES;
				INFOPLIST_KEY_UISupportedInterfaceOrientations_iPad = "UIInterfaceOrientationPortrait UIInterfaceOrientationPortraitUpsideDown UIInterfaceOrientationLandscapeLeft UIInterfaceOrientationLandscapeRight";
				INFOPLIST_KEY_UISupportedInterfaceOrientations_iPhone = "UIInterfaceOrientationPortrait UIInterfaceOrientationLandscapeLeft UIInterfaceOrientationLandscapeRight";
				LD_RUNPATH_SEARCH_PATHS = (
					"$(inherited)",
					"@executable_path/Frameworks",
				);
				MARKETING_VERSION = 1.0;
				PRODUCT_BUNDLE_IDENTIFIER = "dae-bong-ski.GaNaDa";
				PRODUCT_NAME = "$(TARGET_NAME)";
				SWIFT_EMIT_LOC_STRINGS = YES;
				SWIFT_VERSION = 5.0;
				TARGETED_DEVICE_FAMILY = "1,2";
			};
			name = Debug;
		};
		AC86F3D028DEDDB600F5EF90 /* Release */ = {
			isa = XCBuildConfiguration;
			buildSettings = {
				ASSETCATALOG_COMPILER_APPICON_NAME = AppIcon;
				ASSETCATALOG_COMPILER_GLOBAL_ACCENT_COLOR_NAME = AccentColor;
				CODE_SIGN_STYLE = Automatic;
				CURRENT_PROJECT_VERSION = 1;
				DEVELOPMENT_ASSET_PATHS = "\"GaNaDa/Preview Content\"";
				DEVELOPMENT_TEAM = 8N7YRTC92N;
				ENABLE_PREVIEWS = YES;
				GCC_NO_COMMON_BLOCKS = NO;
				GENERATE_INFOPLIST_FILE = YES;
				INFOPLIST_KEY_UIApplicationSceneManifest_Generation = YES;
				INFOPLIST_KEY_UIApplicationSupportsIndirectInputEvents = YES;
				INFOPLIST_KEY_UILaunchScreen_Generation = YES;
				INFOPLIST_KEY_UISupportedInterfaceOrientations_iPad = "UIInterfaceOrientationPortrait UIInterfaceOrientationPortraitUpsideDown UIInterfaceOrientationLandscapeLeft UIInterfaceOrientationLandscapeRight";
				INFOPLIST_KEY_UISupportedInterfaceOrientations_iPhone = "UIInterfaceOrientationPortrait UIInterfaceOrientationLandscapeLeft UIInterfaceOrientationLandscapeRight";
				LD_RUNPATH_SEARCH_PATHS = (
					"$(inherited)",
					"@executable_path/Frameworks",
				);
				MARKETING_VERSION = 1.0;
				PRODUCT_BUNDLE_IDENTIFIER = "dae-bong-ski.GaNaDa";
				PRODUCT_NAME = "$(TARGET_NAME)";
				SWIFT_EMIT_LOC_STRINGS = YES;
				SWIFT_VERSION = 5.0;
				TARGETED_DEVICE_FAMILY = "1,2";
			};
			name = Release;
		};
/* End XCBuildConfiguration section */

/* Begin XCConfigurationList section */
		AC86F3BB28DEDDB600F5EF90 /* Build configuration list for PBXProject "GaNaDa" */ = {
			isa = XCConfigurationList;
			buildConfigurations = (
				AC86F3CC28DEDDB600F5EF90 /* Debug */,
				AC86F3CD28DEDDB600F5EF90 /* Release */,
			);
			defaultConfigurationIsVisible = 0;
			defaultConfigurationName = Release;
		};
		AC86F3CE28DEDDB600F5EF90 /* Build configuration list for PBXNativeTarget "GaNaDa" */ = {
			isa = XCConfigurationList;
			buildConfigurations = (
				AC86F3CF28DEDDB600F5EF90 /* Debug */,
				AC86F3D028DEDDB600F5EF90 /* Release */,
			);
			defaultConfigurationIsVisible = 0;
			defaultConfigurationName = Release;
		};
/* End XCConfigurationList section */
	};
	rootObject = AC86F3B828DEDDB600F5EF90 /* Project object */;
}
