// !$*UTF8*$!
{
	archiveVersion = 1;
	classes = {
	};
	objectVersion = 56;
	objects = {

/* Begin PBXBuildFile section */
		AC33757128ED7B530019FA44 /* Localizable.strings in Resources */ = {isa = PBXBuildFile; fileRef = AC33757328ED7B530019FA44 /* Localizable.strings */; };
		AC3CB56928EB0357009B93EF /* OnboardingView.swift in Sources */ = {isa = PBXBuildFile; fileRef = AC3CB56828EB0357009B93EF /* OnboardingView.swift */; };
		AC3CB56B28EB0374009B93EF /* PageView.swift in Sources */ = {isa = PBXBuildFile; fileRef = AC3CB56A28EB0374009B93EF /* PageView.swift */; };
		AC3DFFCD293AD2260076D97B /* RatingDetailView.swift in Sources */ = {isa = PBXBuildFile; fileRef = AC3DFFCC293AD2260076D97B /* RatingDetailView.swift */; };
		AC4DF305294457C900AEAC92 /* MainView.swift in Sources */ = {isa = PBXBuildFile; fileRef = AC4DF304294457C900AEAC92 /* MainView.swift */; };
		AC55FB4E293486300080A302 /* WordData.xcdatamodeld in Sources */ = {isa = PBXBuildFile; fileRef = AC55FB4C293486300080A302 /* WordData.xcdatamodeld */; };
		AC55FB50293486890080A302 /* DataController.swift in Sources */ = {isa = PBXBuildFile; fileRef = AC55FB4F293486890080A302 /* DataController.swift */; };
		AC55FB52293489130080A302 /* MemoMain.swift in Sources */ = {isa = PBXBuildFile; fileRef = AC55FB51293489130080A302 /* MemoMain.swift */; };
		AC55FB54293490ED0080A302 /* AddWordView.swift in Sources */ = {isa = PBXBuildFile; fileRef = AC55FB53293490ED0080A302 /* AddWordView.swift */; };
		AC86F3C428DEDDB600F5EF90 /* GaNaDaApp.swift in Sources */ = {isa = PBXBuildFile; fileRef = AC86F3C328DEDDB600F5EF90 /* GaNaDaApp.swift */; };
		AC86F3C628DEDDB600F5EF90 /* ContentView.swift in Sources */ = {isa = PBXBuildFile; fileRef = AC86F3C528DEDDB600F5EF90 /* ContentView.swift */; };
		AC86F3C828DEDDB600F5EF90 /* Assets.xcassets in Resources */ = {isa = PBXBuildFile; fileRef = AC86F3C728DEDDB600F5EF90 /* Assets.xcassets */; };
		AC86F3CB28DEDDB600F5EF90 /* Preview Assets.xcassets in Resources */ = {isa = PBXBuildFile; fileRef = AC86F3CA28DEDDB600F5EF90 /* Preview Assets.xcassets */; };
		ACB1B51D28F3F72A008AB56E /* InfoPlist.strings in Resources */ = {isa = PBXBuildFile; fileRef = ACB1B51B28F3F72A008AB56E /* InfoPlist.strings */; };
		ACB8706A293A04A0006A2159 /* RatingView.swift in Sources */ = {isa = PBXBuildFile; fileRef = ACB87069293A04A0006A2159 /* RatingView.swift */; };
/* End PBXBuildFile section */

/* Begin PBXContainerItemProxy section */
		ACBAE3F5294C658A00B87727 /* PBXContainerItemProxy */ = {
			isa = PBXContainerItemProxy;
			containerPortal = AC86F3B828DEDDB600F5EF90 /* Project object */;
			proxyType = 1;
			remoteGlobalIDString = AC86F3BF28DEDDB600F5EF90;
			remoteInfo = GaNaDa;
		};
		ACBAE402294C699100B87727 /* PBXContainerItemProxy */ = {
			isa = PBXContainerItemProxy;
			containerPortal = AC86F3B828DEDDB600F5EF90 /* Project object */;
			proxyType = 1;
			remoteGlobalIDString = AC86F3BF28DEDDB600F5EF90;
			remoteInfo = GaNaDa;
		};
		ACBAE40F294C6A9700B87727 /* PBXContainerItemProxy */ = {
			isa = PBXContainerItemProxy;
			containerPortal = AC86F3B828DEDDB600F5EF90 /* Project object */;
			proxyType = 1;
			remoteGlobalIDString = AC86F3BF28DEDDB600F5EF90;
			remoteInfo = GaNaDa;
		};
/* End PBXContainerItemProxy section */

/* Begin PBXCopyFilesBuildPhase section */
		AC9709A42940A50B0079FB33 /* Embed Foundation Extensions */ = {
			isa = PBXCopyFilesBuildPhase;
			buildActionMask = 2147483647;
			dstPath = "";
			dstSubfolderSpec = 13;
			files = (
			);
			name = "Embed Foundation Extensions";
			runOnlyForDeploymentPostprocessing = 0;
		};
/* End PBXCopyFilesBuildPhase section */

/* Begin PBXFileReference section */
		AC33757228ED7B530019FA44 /* en */ = {isa = PBXFileReference; lastKnownFileType = text.plist.strings; name = en; path = en.lproj/Localizable.strings; sourceTree = "<group>"; };
		AC33757428ED7C5C0019FA44 /* zh-Hans */ = {isa = PBXFileReference; lastKnownFileType = text.plist.strings; name = "zh-Hans"; path = "zh-Hans.lproj/Localizable.strings"; sourceTree = "<group>"; };
		AC33757528ED7C6E0019FA44 /* id */ = {isa = PBXFileReference; lastKnownFileType = text.plist.strings; name = id; path = id.lproj/Localizable.strings; sourceTree = "<group>"; };
		AC33757628ED7C750019FA44 /* vi */ = {isa = PBXFileReference; lastKnownFileType = text.plist.strings; name = vi; path = vi.lproj/Localizable.strings; sourceTree = "<group>"; };
		AC33757728ED7C800019FA44 /* ja */ = {isa = PBXFileReference; lastKnownFileType = text.plist.strings; name = ja; path = ja.lproj/Localizable.strings; sourceTree = "<group>"; usesTabs = 0; };
		AC3CB56828EB0357009B93EF /* OnboardingView.swift */ = {isa = PBXFileReference; fileEncoding = 4; lastKnownFileType = sourcecode.swift; path = OnboardingView.swift; sourceTree = "<group>"; };
		AC3CB56A28EB0374009B93EF /* PageView.swift */ = {isa = PBXFileReference; fileEncoding = 4; lastKnownFileType = sourcecode.swift; path = PageView.swift; sourceTree = "<group>"; };
		AC3DFFCC293AD2260076D97B /* RatingDetailView.swift */ = {isa = PBXFileReference; lastKnownFileType = sourcecode.swift; path = RatingDetailView.swift; sourceTree = "<group>"; };
		AC4DF304294457C900AEAC92 /* MainView.swift */ = {isa = PBXFileReference; fileEncoding = 4; lastKnownFileType = sourcecode.swift; path = MainView.swift; sourceTree = "<group>"; };
		AC55FB4D293486300080A302 /* WordData.xcdatamodel */ = {isa = PBXFileReference; lastKnownFileType = wrapper.xcdatamodel; path = WordData.xcdatamodel; sourceTree = "<group>"; };
		AC55FB4F293486890080A302 /* DataController.swift */ = {isa = PBXFileReference; lastKnownFileType = sourcecode.swift; path = DataController.swift; sourceTree = "<group>"; };
		AC55FB51293489130080A302 /* MemoMain.swift */ = {isa = PBXFileReference; lastKnownFileType = sourcecode.swift; path = MemoMain.swift; sourceTree = "<group>"; };
		AC55FB53293490ED0080A302 /* AddWordView.swift */ = {isa = PBXFileReference; lastKnownFileType = sourcecode.swift; path = AddWordView.swift; sourceTree = "<group>"; };
		AC86F3C028DEDDB600F5EF90 /* GaNaDa.app */ = {isa = PBXFileReference; explicitFileType = wrapper.application; includeInIndex = 0; path = GaNaDa.app; sourceTree = BUILT_PRODUCTS_DIR; };
		AC86F3C328DEDDB600F5EF90 /* GaNaDaApp.swift */ = {isa = PBXFileReference; lastKnownFileType = sourcecode.swift; path = GaNaDaApp.swift; sourceTree = "<group>"; };
		AC86F3C528DEDDB600F5EF90 /* ContentView.swift */ = {isa = PBXFileReference; lastKnownFileType = sourcecode.swift; path = ContentView.swift; sourceTree = "<group>"; };
		AC86F3C728DEDDB600F5EF90 /* Assets.xcassets */ = {isa = PBXFileReference; lastKnownFileType = folder.assetcatalog; path = Assets.xcassets; sourceTree = "<group>"; };
		AC86F3CA28DEDDB600F5EF90 /* Preview Assets.xcassets */ = {isa = PBXFileReference; lastKnownFileType = folder.assetcatalog; path = "Preview Assets.xcassets"; sourceTree = "<group>"; };
		AC9709922940A50A0079FB33 /* SwiftUI.framework */ = {isa = PBXFileReference; lastKnownFileType = wrapper.framework; name = SwiftUI.framework; path = System/Library/Frameworks/SwiftUI.framework; sourceTree = SDKROOT; };
		ACB1B51C28F3F72A008AB56E /* ja */ = {isa = PBXFileReference; lastKnownFileType = text.plist.strings; name = ja; path = ja.lproj/InfoPlist.strings; sourceTree = "<group>"; };
		ACB87069293A04A0006A2159 /* RatingView.swift */ = {isa = PBXFileReference; lastKnownFileType = sourcecode.swift; path = RatingView.swift; sourceTree = "<group>"; };
		ACBAE3EF294C658A00B87727 /* GaNaDaUITests.xctest */ = {isa = PBXFileReference; explicitFileType = wrapper.cfbundle; includeInIndex = 0; path = GaNaDaUITests.xctest; sourceTree = BUILT_PRODUCTS_DIR; };
		ACBAE3FE294C699100B87727 /* GaNaDaTests.xctest */ = {isa = PBXFileReference; explicitFileType = wrapper.cfbundle; includeInIndex = 0; path = GaNaDaTests.xctest; sourceTree = BUILT_PRODUCTS_DIR; };
		ACBAE40B294C6A9700B87727 /* GaNaDaTest.xctest */ = {isa = PBXFileReference; explicitFileType = wrapper.cfbundle; includeInIndex = 0; path = GaNaDaTest.xctest; sourceTree = BUILT_PRODUCTS_DIR; };
/* End PBXFileReference section */

/* Begin PBXFrameworksBuildPhase section */
		AC86F3BD28DEDDB600F5EF90 /* Frameworks */ = {
			isa = PBXFrameworksBuildPhase;
			buildActionMask = 2147483647;
			files = (
			);
			runOnlyForDeploymentPostprocessing = 0;
		};
		ACBAE3EC294C658A00B87727 /* Frameworks */ = {
			isa = PBXFrameworksBuildPhase;
			buildActionMask = 2147483647;
			files = (
			);
			runOnlyForDeploymentPostprocessing = 0;
		};
		ACBAE3FB294C699100B87727 /* Frameworks */ = {
			isa = PBXFrameworksBuildPhase;
			buildActionMask = 2147483647;
			files = (
			);
			runOnlyForDeploymentPostprocessing = 0;
		};
		ACBAE408294C6A9700B87727 /* Frameworks */ = {
			isa = PBXFrameworksBuildPhase;
			buildActionMask = 2147483647;
			files = (
			);
			runOnlyForDeploymentPostprocessing = 0;
		};
/* End PBXFrameworksBuildPhase section */

/* Begin PBXGroup section */
		AC3DFFCE293AE6580076D97B /* Memo */ = {
			isa = PBXGroup;
			children = (
				AC55FB4C293486300080A302 /* WordData.xcdatamodeld */,
				AC55FB53293490ED0080A302 /* AddWordView.swift */,
				AC55FB4F293486890080A302 /* DataController.swift */,
				AC55FB51293489130080A302 /* MemoMain.swift */,
				AC3DFFCC293AD2260076D97B /* RatingDetailView.swift */,
				ACB87069293A04A0006A2159 /* RatingView.swift */,
			);
			path = Memo;
			sourceTree = "<group>";
		};
		AC86F3B728DEDDB600F5EF90 = {
			isa = PBXGroup;
			children = (
				ACB1B51B28F3F72A008AB56E /* InfoPlist.strings */,
				AC33757328ED7B530019FA44 /* Localizable.strings */,
				AC86F3C228DEDDB600F5EF90 /* GaNaDa */,
				AC97098F2940A50A0079FB33 /* Frameworks */,
				AC86F3C128DEDDB600F5EF90 /* Products */,
			);
			sourceTree = "<group>";
		};
		AC86F3C128DEDDB600F5EF90 /* Products */ = {
			isa = PBXGroup;
			children = (
				AC86F3C028DEDDB600F5EF90 /* GaNaDa.app */,
				ACBAE3EF294C658A00B87727 /* GaNaDaUITests.xctest */,
				ACBAE3FE294C699100B87727 /* GaNaDaTests.xctest */,
				ACBAE40B294C6A9700B87727 /* GaNaDaTest.xctest */,
			);
			name = Products;
			sourceTree = "<group>";
		};
		AC86F3C228DEDDB600F5EF90 /* GaNaDa */ = {
			isa = PBXGroup;
			children = (
				ACFBEE6829334A1F007B60F6 /* Main */,
				AC3DFFCE293AE6580076D97B /* Memo */,
				ACFBEE6629334961007B60F6 /* Onboarding */,
				AC86F3C928DEDDB600F5EF90 /* Preview Content */,
			);
			path = GaNaDa;
			sourceTree = "<group>";
		};
		AC86F3C928DEDDB600F5EF90 /* Preview Content */ = {
			isa = PBXGroup;
			children = (
				AC86F3C728DEDDB600F5EF90 /* Assets.xcassets */,
				AC86F3CA28DEDDB600F5EF90 /* Preview Assets.xcassets */,
			);
			path = "Preview Content";
			sourceTree = "<group>";
		};
		AC97098F2940A50A0079FB33 /* Frameworks */ = {
			isa = PBXGroup;
			children = (
				AC9709922940A50A0079FB33 /* SwiftUI.framework */,
			);
			name = Frameworks;
			sourceTree = "<group>";
		};
		ACFBEE6629334961007B60F6 /* Onboarding */ = {
			isa = PBXGroup;
			children = (
				AC3CB56828EB0357009B93EF /* OnboardingView.swift */,
				AC3CB56A28EB0374009B93EF /* PageView.swift */,
			);
			path = Onboarding;
			sourceTree = "<group>";
		};
		ACFBEE6829334A1F007B60F6 /* Main */ = {
			isa = PBXGroup;
			children = (
				AC86F3C528DEDDB600F5EF90 /* ContentView.swift */,
				AC86F3C328DEDDB600F5EF90 /* GaNaDaApp.swift */,
				AC4DF304294457C900AEAC92 /* MainView.swift */,
			);
			path = Main;
			sourceTree = "<group>";
		};
/* End PBXGroup section */

/* Begin PBXNativeTarget section */
		AC86F3BF28DEDDB600F5EF90 /* GaNaDa */ = {
			isa = PBXNativeTarget;
			buildConfigurationList = AC86F3CE28DEDDB600F5EF90 /* Build configuration list for PBXNativeTarget "GaNaDa" */;
			buildPhases = (
				AC86F3BC28DEDDB600F5EF90 /* Sources */,
				AC86F3BD28DEDDB600F5EF90 /* Frameworks */,
				AC86F3BE28DEDDB600F5EF90 /* Resources */,
				AC9709A42940A50B0079FB33 /* Embed Foundation Extensions */,
			);
			buildRules = (
			);
			dependencies = (
			);
			name = GaNaDa;
			productName = GaNaDa;
			productReference = AC86F3C028DEDDB600F5EF90 /* GaNaDa.app */;
			productType = "com.apple.product-type.application";
		};
		ACBAE3EE294C658A00B87727 /* GaNaDaUITests */ = {
			isa = PBXNativeTarget;
			buildConfigurationList = ACBAE3F7294C658A00B87727 /* Build configuration list for PBXNativeTarget "GaNaDaUITests" */;
			buildPhases = (
				ACBAE3EB294C658A00B87727 /* Sources */,
				ACBAE3EC294C658A00B87727 /* Frameworks */,
				ACBAE3ED294C658A00B87727 /* Resources */,
			);
			buildRules = (
			);
			dependencies = (
				ACBAE3F6294C658A00B87727 /* PBXTargetDependency */,
			);
			name = GaNaDaUITests;
			productName = GaNaDaUITests;
			productReference = ACBAE3EF294C658A00B87727 /* GaNaDaUITests.xctest */;
			productType = "com.apple.product-type.bundle.ui-testing";
		};
		ACBAE3FD294C699100B87727 /* GaNaDaTests */ = {
			isa = PBXNativeTarget;
			buildConfigurationList = ACBAE404294C699100B87727 /* Build configuration list for PBXNativeTarget "GaNaDaTests" */;
			buildPhases = (
				ACBAE3FA294C699100B87727 /* Sources */,
				ACBAE3FB294C699100B87727 /* Frameworks */,
				ACBAE3FC294C699100B87727 /* Resources */,
			);
			buildRules = (
			);
			dependencies = (
				ACBAE403294C699100B87727 /* PBXTargetDependency */,
			);
			name = GaNaDaTests;
			productName = GaNaDaTests;
			productReference = ACBAE3FE294C699100B87727 /* GaNaDaTests.xctest */;
			productType = "com.apple.product-type.bundle.unit-test";
		};
		ACBAE40A294C6A9700B87727 /* GaNaDaTest */ = {
			isa = PBXNativeTarget;
			buildConfigurationList = ACBAE413294C6A9700B87727 /* Build configuration list for PBXNativeTarget "GaNaDaTest" */;
			buildPhases = (
				ACBAE407294C6A9700B87727 /* Sources */,
				ACBAE408294C6A9700B87727 /* Frameworks */,
				ACBAE409294C6A9700B87727 /* Resources */,
			);
			buildRules = (
			);
			dependencies = (
				ACBAE410294C6A9700B87727 /* PBXTargetDependency */,
			);
			name = GaNaDaTest;
			productName = GaNaDaTest;
			productReference = ACBAE40B294C6A9700B87727 /* GaNaDaTest.xctest */;
			productType = "com.apple.product-type.bundle.unit-test";
		};
/* End PBXNativeTarget section */

/* Begin PBXProject section */
		AC86F3B828DEDDB600F5EF90 /* Project object */ = {
			isa = PBXProject;
			attributes = {
				BuildIndependentTargetsInParallel = 1;
				LastSwiftUpdateCheck = 1410;
				LastUpgradeCheck = 1400;
				TargetAttributes = {
					AC86F3BF28DEDDB600F5EF90 = {
						CreatedOnToolsVersion = 14.0;
					};
					ACBAE3EE294C658A00B87727 = {
						CreatedOnToolsVersion = 14.1;
						TestTargetID = AC86F3BF28DEDDB600F5EF90;
					};
					ACBAE3FD294C699100B87727 = {
						CreatedOnToolsVersion = 14.1;
						TestTargetID = AC86F3BF28DEDDB600F5EF90;
					};
					ACBAE40A294C6A9700B87727 = {
						CreatedOnToolsVersion = 14.1;
						TestTargetID = AC86F3BF28DEDDB600F5EF90;
					};
				};
			};
			buildConfigurationList = AC86F3BB28DEDDB600F5EF90 /* Build configuration list for PBXProject "GaNaDa" */;
			compatibilityVersion = "Xcode 14.0";
			developmentRegion = en;
			hasScannedForEncodings = 0;
			knownRegions = (
				en,
				Base,
				ko,
				"zh-Hans",
				id,
				vi,
				ja,
			);
			mainGroup = AC86F3B728DEDDB600F5EF90;
			productRefGroup = AC86F3C128DEDDB600F5EF90 /* Products */;
			projectDirPath = "";
			projectRoot = "";
			targets = (
				AC86F3BF28DEDDB600F5EF90 /* GaNaDa */,
				ACBAE3EE294C658A00B87727 /* GaNaDaUITests */,
				ACBAE3FD294C699100B87727 /* GaNaDaTests */,
				ACBAE40A294C6A9700B87727 /* GaNaDaTest */,
			);
		};
/* End PBXProject section */

/* Begin PBXResourcesBuildPhase section */
		AC86F3BE28DEDDB600F5EF90 /* Resources */ = {
			isa = PBXResourcesBuildPhase;
			buildActionMask = 2147483647;
			files = (
				AC86F3CB28DEDDB600F5EF90 /* Preview Assets.xcassets in Resources */,
				ACB1B51D28F3F72A008AB56E /* InfoPlist.strings in Resources */,
				AC33757128ED7B530019FA44 /* Localizable.strings in Resources */,
				AC86F3C828DEDDB600F5EF90 /* Assets.xcassets in Resources */,
			);
			runOnlyForDeploymentPostprocessing = 0;
		};
		ACBAE3ED294C658A00B87727 /* Resources */ = {
			isa = PBXResourcesBuildPhase;
			buildActionMask = 2147483647;
			files = (
			);
			runOnlyForDeploymentPostprocessing = 0;
		};
		ACBAE3FC294C699100B87727 /* Resources */ = {
			isa = PBXResourcesBuildPhase;
			buildActionMask = 2147483647;
			files = (
			);
			runOnlyForDeploymentPostprocessing = 0;
		};
		ACBAE409294C6A9700B87727 /* Resources */ = {
			isa = PBXResourcesBuildPhase;
			buildActionMask = 2147483647;
			files = (
			);
			runOnlyForDeploymentPostprocessing = 0;
		};
/* End PBXResourcesBuildPhase section */

/* Begin PBXSourcesBuildPhase section */
		AC86F3BC28DEDDB600F5EF90 /* Sources */ = {
			isa = PBXSourcesBuildPhase;
			buildActionMask = 2147483647;
			files = (
				AC3CB56B28EB0374009B93EF /* PageView.swift in Sources */,
				AC86F3C628DEDDB600F5EF90 /* ContentView.swift in Sources */,
				ACB8706A293A04A0006A2159 /* RatingView.swift in Sources */,
				AC3DFFCD293AD2260076D97B /* RatingDetailView.swift in Sources */,
				AC3CB56928EB0357009B93EF /* OnboardingView.swift in Sources */,
				AC55FB52293489130080A302 /* MemoMain.swift in Sources */,
				AC86F3C428DEDDB600F5EF90 /* GaNaDaApp.swift in Sources */,
				AC4DF305294457C900AEAC92 /* MainView.swift in Sources */,
				AC55FB50293486890080A302 /* DataController.swift in Sources */,
				AC55FB54293490ED0080A302 /* AddWordView.swift in Sources */,
				AC55FB4E293486300080A302 /* WordData.xcdatamodeld in Sources */,
			);
			runOnlyForDeploymentPostprocessing = 0;
		};
		ACBAE3EB294C658A00B87727 /* Sources */ = {
			isa = PBXSourcesBuildPhase;
			buildActionMask = 2147483647;
			files = (
			);
			runOnlyForDeploymentPostprocessing = 0;
		};
		ACBAE3FA294C699100B87727 /* Sources */ = {
			isa = PBXSourcesBuildPhase;
			buildActionMask = 2147483647;
			files = (
			);
			runOnlyForDeploymentPostprocessing = 0;
		};
		ACBAE407294C6A9700B87727 /* Sources */ = {
			isa = PBXSourcesBuildPhase;
			buildActionMask = 2147483647;
			files = (
			);
			runOnlyForDeploymentPostprocessing = 0;
		};
/* End PBXSourcesBuildPhase section */

/* Begin PBXTargetDependency section */
		ACBAE3F6294C658A00B87727 /* PBXTargetDependency */ = {
			isa = PBXTargetDependency;
			target = AC86F3BF28DEDDB600F5EF90 /* GaNaDa */;
			targetProxy = ACBAE3F5294C658A00B87727 /* PBXContainerItemProxy */;
		};
		ACBAE403294C699100B87727 /* PBXTargetDependency */ = {
			isa = PBXTargetDependency;
			target = AC86F3BF28DEDDB600F5EF90 /* GaNaDa */;
			targetProxy = ACBAE402294C699100B87727 /* PBXContainerItemProxy */;
		};
		ACBAE410294C6A9700B87727 /* PBXTargetDependency */ = {
			isa = PBXTargetDependency;
			target = AC86F3BF28DEDDB600F5EF90 /* GaNaDa */;
			targetProxy = ACBAE40F294C6A9700B87727 /* PBXContainerItemProxy */;
		};
/* End PBXTargetDependency section */

/* Begin PBXVariantGroup section */
		AC33757328ED7B530019FA44 /* Localizable.strings */ = {
			isa = PBXVariantGroup;
			children = (
				AC33757228ED7B530019FA44 /* en */,
				AC33757428ED7C5C0019FA44 /* zh-Hans */,
				AC33757528ED7C6E0019FA44 /* id */,
				AC33757628ED7C750019FA44 /* vi */,
				AC33757728ED7C800019FA44 /* ja */,
			);
			name = Localizable.strings;
			sourceTree = "<group>";
		};
		ACB1B51B28F3F72A008AB56E /* InfoPlist.strings */ = {
			isa = PBXVariantGroup;
			children = (
				ACB1B51C28F3F72A008AB56E /* ja */,
			);
			name = InfoPlist.strings;
			sourceTree = "<group>";
		};
/* End PBXVariantGroup section */

/* Begin XCBuildConfiguration section */
		AC86F3CC28DEDDB600F5EF90 /* Debug */ = {
			isa = XCBuildConfiguration;
			buildSettings = {
				ALWAYS_SEARCH_USER_PATHS = NO;
				CLANG_ANALYZER_LOCALIZABILITY_NONLOCALIZED = YES;
				CLANG_ANALYZER_NONNULL = YES;
				CLANG_ANALYZER_NUMBER_OBJECT_CONVERSION = YES_AGGRESSIVE;
				CLANG_CXX_LANGUAGE_STANDARD = "gnu++20";
				CLANG_ENABLE_MODULES = YES;
				CLANG_ENABLE_OBJC_ARC = YES;
				CLANG_ENABLE_OBJC_WEAK = YES;
				CLANG_WARN_BLOCK_CAPTURE_AUTORELEASING = YES;
				CLANG_WARN_BOOL_CONVERSION = YES;
				CLANG_WARN_COMMA = YES;
				CLANG_WARN_CONSTANT_CONVERSION = YES;
				CLANG_WARN_DEPRECATED_OBJC_IMPLEMENTATIONS = YES;
				CLANG_WARN_DIRECT_OBJC_ISA_USAGE = YES_ERROR;
				CLANG_WARN_DOCUMENTATION_COMMENTS = YES;
				CLANG_WARN_EMPTY_BODY = YES;
				CLANG_WARN_ENUM_CONVERSION = YES;
				CLANG_WARN_INFINITE_RECURSION = YES;
				CLANG_WARN_INT_CONVERSION = YES;
				CLANG_WARN_NON_LITERAL_NULL_CONVERSION = YES;
				CLANG_WARN_OBJC_IMPLICIT_RETAIN_SELF = YES;
				CLANG_WARN_OBJC_LITERAL_CONVERSION = YES;
				CLANG_WARN_OBJC_ROOT_CLASS = YES_ERROR;
				CLANG_WARN_QUOTED_INCLUDE_IN_FRAMEWORK_HEADER = YES;
				CLANG_WARN_RANGE_LOOP_ANALYSIS = YES;
				CLANG_WARN_STRICT_PROTOTYPES = YES;
				CLANG_WARN_SUSPICIOUS_MOVE = YES;
				CLANG_WARN_UNGUARDED_AVAILABILITY = YES_AGGRESSIVE;
				CLANG_WARN_UNREACHABLE_CODE = YES;
				CLANG_WARN__DUPLICATE_METHOD_MATCH = YES;
				COPY_PHASE_STRIP = NO;
				DEBUG_INFORMATION_FORMAT = dwarf;
				ENABLE_STRICT_OBJC_MSGSEND = YES;
				ENABLE_TESTABILITY = YES;
				GCC_C_LANGUAGE_STANDARD = gnu11;
				GCC_DYNAMIC_NO_PIC = NO;
				GCC_NO_COMMON_BLOCKS = YES;
				GCC_OPTIMIZATION_LEVEL = 0;
				GCC_PREPROCESSOR_DEFINITIONS = (
					"DEBUG=1",
					"$(inherited)",
				);
				GCC_WARN_64_TO_32_BIT_CONVERSION = YES;
				GCC_WARN_ABOUT_RETURN_TYPE = YES_ERROR;
				GCC_WARN_UNDECLARED_SELECTOR = YES;
				GCC_WARN_UNINITIALIZED_AUTOS = YES_AGGRESSIVE;
				GCC_WARN_UNUSED_FUNCTION = YES;
				GCC_WARN_UNUSED_VARIABLE = YES;
				IPHONEOS_DEPLOYMENT_TARGET = 16.0;
				MTL_ENABLE_DEBUG_INFO = INCLUDE_SOURCE;
				MTL_FAST_MATH = YES;
				ONLY_ACTIVE_ARCH = YES;
				SDKROOT = iphoneos;
				SWIFT_ACTIVE_COMPILATION_CONDITIONS = DEBUG;
				SWIFT_OPTIMIZATION_LEVEL = "-Onone";
			};
			name = Debug;
		};
		AC86F3CD28DEDDB600F5EF90 /* Release */ = {
			isa = XCBuildConfiguration;
			buildSettings = {
				ALWAYS_SEARCH_USER_PATHS = NO;
				CLANG_ANALYZER_LOCALIZABILITY_NONLOCALIZED = YES;
				CLANG_ANALYZER_NONNULL = YES;
				CLANG_ANALYZER_NUMBER_OBJECT_CONVERSION = YES_AGGRESSIVE;
				CLANG_CXX_LANGUAGE_STANDARD = "gnu++20";
				CLANG_ENABLE_MODULES = YES;
				CLANG_ENABLE_OBJC_ARC = YES;
				CLANG_ENABLE_OBJC_WEAK = YES;
				CLANG_WARN_BLOCK_CAPTURE_AUTORELEASING = YES;
				CLANG_WARN_BOOL_CONVERSION = YES;
				CLANG_WARN_COMMA = YES;
				CLANG_WARN_CONSTANT_CONVERSION = YES;
				CLANG_WARN_DEPRECATED_OBJC_IMPLEMENTATIONS = YES;
				CLANG_WARN_DIRECT_OBJC_ISA_USAGE = YES_ERROR;
				CLANG_WARN_DOCUMENTATION_COMMENTS = YES;
				CLANG_WARN_EMPTY_BODY = YES;
				CLANG_WARN_ENUM_CONVERSION = YES;
				CLANG_WARN_INFINITE_RECURSION = YES;
				CLANG_WARN_INT_CONVERSION = YES;
				CLANG_WARN_NON_LITERAL_NULL_CONVERSION = YES;
				CLANG_WARN_OBJC_IMPLICIT_RETAIN_SELF = YES;
				CLANG_WARN_OBJC_LITERAL_CONVERSION = YES;
				CLANG_WARN_OBJC_ROOT_CLASS = YES_ERROR;
				CLANG_WARN_QUOTED_INCLUDE_IN_FRAMEWORK_HEADER = YES;
				CLANG_WARN_RANGE_LOOP_ANALYSIS = YES;
				CLANG_WARN_STRICT_PROTOTYPES = YES;
				CLANG_WARN_SUSPICIOUS_MOVE = YES;
				CLANG_WARN_UNGUARDED_AVAILABILITY = YES_AGGRESSIVE;
				CLANG_WARN_UNREACHABLE_CODE = YES;
				CLANG_WARN__DUPLICATE_METHOD_MATCH = YES;
				COPY_PHASE_STRIP = NO;
				DEBUG_INFORMATION_FORMAT = "dwarf-with-dsym";
				ENABLE_NS_ASSERTIONS = NO;
				ENABLE_STRICT_OBJC_MSGSEND = YES;
				GCC_C_LANGUAGE_STANDARD = gnu11;
				GCC_NO_COMMON_BLOCKS = YES;
				GCC_WARN_64_TO_32_BIT_CONVERSION = YES;
				GCC_WARN_ABOUT_RETURN_TYPE = YES_ERROR;
				GCC_WARN_UNDECLARED_SELECTOR = YES;
				GCC_WARN_UNINITIALIZED_AUTOS = YES_AGGRESSIVE;
				GCC_WARN_UNUSED_FUNCTION = YES;
				GCC_WARN_UNUSED_VARIABLE = YES;
				IPHONEOS_DEPLOYMENT_TARGET = 16.0;
				MTL_ENABLE_DEBUG_INFO = NO;
				MTL_FAST_MATH = YES;
				SDKROOT = iphoneos;
				SWIFT_COMPILATION_MODE = wholemodule;
				SWIFT_OPTIMIZATION_LEVEL = "-O";
				VALIDATE_PRODUCT = YES;
			};
			name = Release;
		};
		AC86F3CF28DEDDB600F5EF90 /* Debug */ = {
			isa = XCBuildConfiguration;
			buildSettings = {
				ASSETCATALOG_COMPILER_APPICON_NAME = AppIcon;
				ASSETCATALOG_COMPILER_GLOBAL_ACCENT_COLOR_NAME = AccentColor;
				CODE_SIGN_STYLE = Automatic;
				CURRENT_PROJECT_VERSION = 1;
				DEVELOPMENT_ASSET_PATHS = "\"GaNaDa/Preview Content\"";
				DEVELOPMENT_TEAM = 8N7YRTC92N;
				ENABLE_PREVIEWS = YES;
				GCC_NO_COMMON_BLOCKS = NO;
				GENERATE_INFOPLIST_FILE = YES;
				INFOPLIST_KEY_UIApplicationSceneManifest_Generation = YES;
				INFOPLIST_KEY_UIApplicationSupportsIndirectInputEvents = YES;
				INFOPLIST_KEY_UILaunchScreen_Generation = YES;
				INFOPLIST_KEY_UIStatusBarStyle = "";
				INFOPLIST_KEY_UISupportedInterfaceOrientations_iPad = UIInterfaceOrientationPortrait;
				INFOPLIST_KEY_UISupportedInterfaceOrientations_iPhone = UIInterfaceOrientationPortrait;
				IPHONEOS_DEPLOYMENT_TARGET = 16.0;
				LD_RUNPATH_SEARCH_PATHS = (
					"$(inherited)",
					"@executable_path/Frameworks",
				);
				MARKETING_VERSION = 1.0;
				PRODUCT_BUNDLE_IDENTIFIER = "dae-bong-ski.GaNaDa";
				PRODUCT_NAME = "$(TARGET_NAME)";
				SUPPORTED_PLATFORMS = "iphoneos iphonesimulator";
				SUPPORTS_MACCATALYST = NO;
				SUPPORTS_MAC_DESIGNED_FOR_IPHONE_IPAD = NO;
				SWIFT_EMIT_LOC_STRINGS = YES;
				SWIFT_VERSION = 5.0;
				TARGETED_DEVICE_FAMILY = 1;
			};
			name = Debug;
		};
		AC86F3D028DEDDB600F5EF90 /* Release */ = {
			isa = XCBuildConfiguration;
			buildSettings = {
				ASSETCATALOG_COMPILER_APPICON_NAME = AppIcon;
				ASSETCATALOG_COMPILER_GLOBAL_ACCENT_COLOR_NAME = AccentColor;
				CODE_SIGN_STYLE = Automatic;
				CURRENT_PROJECT_VERSION = 1;
				DEVELOPMENT_ASSET_PATHS = "\"GaNaDa/Preview Content\"";
				DEVELOPMENT_TEAM = 8N7YRTC92N;
				ENABLE_PREVIEWS = YES;
				GCC_NO_COMMON_BLOCKS = NO;
				GENERATE_INFOPLIST_FILE = YES;
				INFOPLIST_KEY_UIApplicationSceneManifest_Generation = YES;
				INFOPLIST_KEY_UIApplicationSupportsIndirectInputEvents = YES;
				INFOPLIST_KEY_UILaunchScreen_Generation = YES;
				INFOPLIST_KEY_UIStatusBarStyle = "";
				INFOPLIST_KEY_UISupportedInterfaceOrientations_iPad = UIInterfaceOrientationPortrait;
				INFOPLIST_KEY_UISupportedInterfaceOrientations_iPhone = UIInterfaceOrientationPortrait;
				IPHONEOS_DEPLOYMENT_TARGET = 16.0;
				LD_RUNPATH_SEARCH_PATHS = (
					"$(inherited)",
					"@executable_path/Frameworks",
				);
				MARKETING_VERSION = 1.0;
				PRODUCT_BUNDLE_IDENTIFIER = "dae-bong-ski.GaNaDa";
				PRODUCT_NAME = "$(TARGET_NAME)";
				SUPPORTED_PLATFORMS = "iphoneos iphonesimulator";
				SUPPORTS_MACCATALYST = NO;
				SUPPORTS_MAC_DESIGNED_FOR_IPHONE_IPAD = NO;
				SWIFT_EMIT_LOC_STRINGS = YES;
				SWIFT_VERSION = 5.0;
				TARGETED_DEVICE_FAMILY = 1;
			};
			name = Release;
		};
		ACBAE3F8294C658A00B87727 /* Debug */ = {
			isa = XCBuildConfiguration;
			buildSettings = {
				CODE_SIGN_STYLE = Automatic;
				CURRENT_PROJECT_VERSION = 1;
				DEVELOPMENT_TEAM = 8N7YRTC92N;
				GENERATE_INFOPLIST_FILE = YES;
				IPHONEOS_DEPLOYMENT_TARGET = 16.1;
				MARKETING_VERSION = 1.0;
				PRODUCT_BUNDLE_IDENTIFIER = "dae-bong-ski.GaNaDaUITests";
				PRODUCT_NAME = "$(TARGET_NAME)";
				SWIFT_EMIT_LOC_STRINGS = NO;
				SWIFT_VERSION = 5.0;
				TARGETED_DEVICE_FAMILY = "1,2";
				TEST_TARGET_NAME = GaNaDa;
			};
			name = Debug;
		};
		ACBAE3F9294C658A00B87727 /* Release */ = {
			isa = XCBuildConfiguration;
			buildSettings = {
				CODE_SIGN_STYLE = Automatic;
				CURRENT_PROJECT_VERSION = 1;
				DEVELOPMENT_TEAM = 8N7YRTC92N;
				GENERATE_INFOPLIST_FILE = YES;
				IPHONEOS_DEPLOYMENT_TARGET = 16.1;
				MARKETING_VERSION = 1.0;
				PRODUCT_BUNDLE_IDENTIFIER = "dae-bong-ski.GaNaDaUITests";
				PRODUCT_NAME = "$(TARGET_NAME)";
				SWIFT_EMIT_LOC_STRINGS = NO;
				SWIFT_VERSION = 5.0;
				TARGETED_DEVICE_FAMILY = "1,2";
				TEST_TARGET_NAME = GaNaDa;
			};
			name = Release;
		};
		ACBAE405294C699100B87727 /* Debug */ = {
			isa = XCBuildConfiguration;
			buildSettings = {
				BUNDLE_LOADER = "$(TEST_HOST)";
				CODE_SIGN_STYLE = Automatic;
				CURRENT_PROJECT_VERSION = 1;
				DEVELOPMENT_TEAM = 8N7YRTC92N;
				GENERATE_INFOPLIST_FILE = YES;
				IPHONEOS_DEPLOYMENT_TARGET = 16.1;
				MACOSX_DEPLOYMENT_TARGET = 13.0;
				MARKETING_VERSION = 1.0;
				PRODUCT_BUNDLE_IDENTIFIER = "dae-bong-ski.GaNaDaTests";
				PRODUCT_NAME = "$(TARGET_NAME)";
				SDKROOT = auto;
				SUPPORTED_PLATFORMS = "iphoneos iphonesimulator macosx";
				SWIFT_EMIT_LOC_STRINGS = NO;
				SWIFT_VERSION = 5.0;
				TARGETED_DEVICE_FAMILY = "1,2";
				TEST_HOST = "$(BUILT_PRODUCTS_DIR)/GaNaDa.app/$(BUNDLE_EXECUTABLE_FOLDER_PATH)/GaNaDa";
			};
			name = Debug;
		};
		ACBAE406294C699100B87727 /* Release */ = {
			isa = XCBuildConfiguration;
			buildSettings = {
				BUNDLE_LOADER = "$(TEST_HOST)";
				CODE_SIGN_STYLE = Automatic;
				CURRENT_PROJECT_VERSION = 1;
				DEVELOPMENT_TEAM = 8N7YRTC92N;
				GENERATE_INFOPLIST_FILE = YES;
				IPHONEOS_DEPLOYMENT_TARGET = 16.1;
				MACOSX_DEPLOYMENT_TARGET = 13.0;
				MARKETING_VERSION = 1.0;
				PRODUCT_BUNDLE_IDENTIFIER = "dae-bong-ski.GaNaDaTests";
				PRODUCT_NAME = "$(TARGET_NAME)";
				SDKROOT = auto;
				SUPPORTED_PLATFORMS = "iphoneos iphonesimulator macosx";
				SWIFT_EMIT_LOC_STRINGS = NO;
				SWIFT_VERSION = 5.0;
				TARGETED_DEVICE_FAMILY = "1,2";
				TEST_HOST = "$(BUILT_PRODUCTS_DIR)/GaNaDa.app/$(BUNDLE_EXECUTABLE_FOLDER_PATH)/GaNaDa";
			};
			name = Release;
		};
		ACBAE411294C6A9700B87727 /* Debug */ = {
			isa = XCBuildConfiguration;
			buildSettings = {
				BUNDLE_LOADER = "$(TEST_HOST)";
				CODE_SIGN_STYLE = Automatic;
				CURRENT_PROJECT_VERSION = 1;
				DEVELOPMENT_TEAM = 8N7YRTC92N;
				GENERATE_INFOPLIST_FILE = YES;
				IPHONEOS_DEPLOYMENT_TARGET = 16.1;
				MACOSX_DEPLOYMENT_TARGET = 13.0;
				MARKETING_VERSION = 1.0;
				PRODUCT_BUNDLE_IDENTIFIER = "dae-bong-ski.GaNaDaTest";
				PRODUCT_NAME = "$(TARGET_NAME)";
				SDKROOT = auto;
				SUPPORTED_PLATFORMS = "iphoneos iphonesimulator macosx";
				SWIFT_EMIT_LOC_STRINGS = NO;
				SWIFT_VERSION = 5.0;
				TARGETED_DEVICE_FAMILY = "1,2";
				TEST_HOST = "$(BUILT_PRODUCTS_DIR)/GaNaDa.app/$(BUNDLE_EXECUTABLE_FOLDER_PATH)/GaNaDa";
			};
			name = Debug;
		};
		ACBAE412294C6A9700B87727 /* Release */ = {
			isa = XCBuildConfiguration;
			buildSettings = {
				BUNDLE_LOADER = "$(TEST_HOST)";
				CODE_SIGN_STYLE = Automatic;
				CURRENT_PROJECT_VERSION = 1;
				DEVELOPMENT_TEAM = 8N7YRTC92N;
				GENERATE_INFOPLIST_FILE = YES;
				IPHONEOS_DEPLOYMENT_TARGET = 16.1;
				MACOSX_DEPLOYMENT_TARGET = 13.0;
				MARKETING_VERSION = 1.0;
				PRODUCT_BUNDLE_IDENTIFIER = "dae-bong-ski.GaNaDaTest";
				PRODUCT_NAME = "$(TARGET_NAME)";
				SDKROOT = auto;
				SUPPORTED_PLATFORMS = "iphoneos iphonesimulator macosx";
				SWIFT_EMIT_LOC_STRINGS = NO;
				SWIFT_VERSION = 5.0;
				TARGETED_DEVICE_FAMILY = "1,2";
				TEST_HOST = "$(BUILT_PRODUCTS_DIR)/GaNaDa.app/$(BUNDLE_EXECUTABLE_FOLDER_PATH)/GaNaDa";
			};
			name = Release;
		};
/* End XCBuildConfiguration section */

/* Begin XCConfigurationList section */
		AC86F3BB28DEDDB600F5EF90 /* Build configuration list for PBXProject "GaNaDa" */ = {
			isa = XCConfigurationList;
			buildConfigurations = (
				AC86F3CC28DEDDB600F5EF90 /* Debug */,
				AC86F3CD28DEDDB600F5EF90 /* Release */,
			);
			defaultConfigurationIsVisible = 0;
			defaultConfigurationName = Release;
		};
		AC86F3CE28DEDDB600F5EF90 /* Build configuration list for PBXNativeTarget "GaNaDa" */ = {
			isa = XCConfigurationList;
			buildConfigurations = (
				AC86F3CF28DEDDB600F5EF90 /* Debug */,
				AC86F3D028DEDDB600F5EF90 /* Release */,
			);
			defaultConfigurationIsVisible = 0;
			defaultConfigurationName = Release;
		};
		ACBAE3F7294C658A00B87727 /* Build configuration list for PBXNativeTarget "GaNaDaUITests" */ = {
			isa = XCConfigurationList;
			buildConfigurations = (
				ACBAE3F8294C658A00B87727 /* Debug */,
				ACBAE3F9294C658A00B87727 /* Release */,
			);
			defaultConfigurationIsVisible = 0;
			defaultConfigurationName = Release;
		};
		ACBAE404294C699100B87727 /* Build configuration list for PBXNativeTarget "GaNaDaTests" */ = {
			isa = XCConfigurationList;
			buildConfigurations = (
				ACBAE405294C699100B87727 /* Debug */,
				ACBAE406294C699100B87727 /* Release */,
			);
			defaultConfigurationIsVisible = 0;
			defaultConfigurationName = Release;
		};
		ACBAE413294C6A9700B87727 /* Build configuration list for PBXNativeTarget "GaNaDaTest" */ = {
			isa = XCConfigurationList;
			buildConfigurations = (
				ACBAE411294C6A9700B87727 /* Debug */,
				ACBAE412294C6A9700B87727 /* Release */,
			);
			defaultConfigurationIsVisible = 0;
			defaultConfigurationName = Release;
		};
/* End XCConfigurationList section */

/* Begin XCVersionGroup section */
		AC55FB4C293486300080A302 /* WordData.xcdatamodeld */ = {
			isa = XCVersionGroup;
			children = (
				AC55FB4D293486300080A302 /* WordData.xcdatamodel */,
			);
			currentVersion = AC55FB4D293486300080A302 /* WordData.xcdatamodel */;
			path = WordData.xcdatamodeld;
			sourceTree = "<group>";
			versionGroupType = wrapper.xcdatamodel;
		};
/* End XCVersionGroup section */
	};
	rootObject = AC86F3B828DEDDB600F5EF90 /* Project object */;
}
